
Microsoft Visual Studio Solution File, Format Version 12.00
# Visual Studio 15
VisualStudioVersion = 15.0.27130.2003
MinimumVisualStudioVersion = 10.0.40219.1
Project("{FAE04EC0-301F-11D3-BF4B-00C04F79EFBC}") = "Google_Distancia_prueba", "Google_Distancia_prueba\Google_Distancia_prueba.csproj", "{D8ED5950-E36A-40EF-9AC8-FEA7FB846206}"
EndProject
Project("{FAE04EC0-301F-11D3-BF4B-00C04F79EFBC}") = "Entidad2", "Entidad2\Entidad2.csproj", "{27984160-1C86-4F6D-84E2-73CBD0099F25}"
EndProject
Global
	GlobalSection(SolutionConfigurationPlatforms) = preSolution
		Debug|Any CPU = Debug|Any CPU
		Release|Any CPU = Release|Any CPU
	EndGlobalSection
	GlobalSection(ProjectConfigurationPlatforms) = postSolution
		{D8ED5950-E36A-40EF-9AC8-FEA7FB846206}.Debug|Any CPU.ActiveCfg = Debug|Any CPU
		{D8ED5950-E36A-40EF-9AC8-FEA7FB846206}.Debug|Any CPU.Build.0 = Debug|Any CPU
		{D8ED5950-E36A-40EF-9AC8-FEA7FB846206}.Release|Any CPU.ActiveCfg = Release|Any CPU
		{D8ED5950-E36A-40EF-9AC8-FEA7FB846206}.Release|Any CPU.Build.0 = Release|Any CPU
		{27984160-1C86-4F6D-84E2-73CBD0099F25}.Debug|Any CPU.ActiveCfg = Debug|Any CPU
		{27984160-1C86-4F6D-84E2-73CBD0099F25}.Debug|Any CPU.Build.0 = Debug|Any CPU
		{27984160-1C86-4F6D-84E2-73CBD0099F25}.Release|Any CPU.ActiveCfg = Release|Any CPU
		{27984160-1C86-4F6D-84E2-73CBD0099F25}.Release|Any CPU.Build.0 = Release|Any CPU
	EndGlobalSection
	GlobalSection(SolutionProperties) = preSolution
		HideSolutionNode = FALSE
	EndGlobalSection
	GlobalSection(ExtensibilityGlobals) = postSolution
		SolutionGuid = {B9E8DE67-F4E4-4D4E-9C33-B3DA101C7993}
	EndGlobalSection
EndGlobal
